// !$*UTF8*$!
{
	archiveVersion = 1;
	classes = {
	};
	objectVersion = 56;
	objects = {

/* Begin PBXBuildFile section */
		821232742C7CB49B00313973 /* iMarketApp.swift in Sources */ = {isa = PBXBuildFile; fileRef = 821232732C7CB49B00313973 /* iMarketApp.swift */; };
		821232782C7CB49C00313973 /* Assets.xcassets in Resources */ = {isa = PBXBuildFile; fileRef = 821232772C7CB49C00313973 /* Assets.xcassets */; };
		8212327B2C7CB49C00313973 /* Preview Assets.xcassets in Resources */ = {isa = PBXBuildFile; fileRef = 8212327A2C7CB49C00313973 /* Preview Assets.xcassets */; };
		821232862C7CB71F00313973 /* ProductModel.swift in Sources */ = {isa = PBXBuildFile; fileRef = 821232852C7CB71F00313973 /* ProductModel.swift */; };
		821232882C7CB74D00313973 /* ProductService.swift in Sources */ = {isa = PBXBuildFile; fileRef = 821232872C7CB74D00313973 /* ProductService.swift */; };
		8212328A2C7CB77300313973 /* ContentView.swift in Sources */ = {isa = PBXBuildFile; fileRef = 821232892C7CB77300313973 /* ContentView.swift */; };
		8212328C2C7CB7A400313973 /* ProductDetailView.swift in Sources */ = {isa = PBXBuildFile; fileRef = 8212328B2C7CB7A400313973 /* ProductDetailView.swift */; };
		8212328E2C7CEDEC00313973 /* TabView.swift in Sources */ = {isa = PBXBuildFile; fileRef = 8212328D2C7CEDEC00313973 /* TabView.swift */; };
		821232902C7D2DFD00313973 /* MyItemsView.swift in Sources */ = {isa = PBXBuildFile; fileRef = 8212328F2C7D2DFD00313973 /* MyItemsView.swift */; };
		821232922C7D2E1A00313973 /* CartView.swift in Sources */ = {isa = PBXBuildFile; fileRef = 821232912C7D2E1A00313973 /* CartView.swift */; };
		821232942C7D312900313973 /* FavoritesService.swift in Sources */ = {isa = PBXBuildFile; fileRef = 821232932C7D312900313973 /* FavoritesService.swift */; };
		826386222C7D34B200A3ADC1 /* ProductRowView.swift in Sources */ = {isa = PBXBuildFile; fileRef = 826386212C7D34B200A3ADC1 /* ProductRowView.swift */; };
/* End PBXBuildFile section */

/* Begin PBXFileReference section */
		821232702C7CB49B00313973 /* iMarket.app */ = {isa = PBXFileReference; explicitFileType = wrapper.application; includeInIndex = 0; path = iMarket.app; sourceTree = BUILT_PRODUCTS_DIR; };
		821232732C7CB49B00313973 /* iMarketApp.swift */ = {isa = PBXFileReference; lastKnownFileType = sourcecode.swift; path = iMarketApp.swift; sourceTree = "<group>"; };
		821232772C7CB49C00313973 /* Assets.xcassets */ = {isa = PBXFileReference; lastKnownFileType = folder.assetcatalog; path = Assets.xcassets; sourceTree = "<group>"; };
		8212327A2C7CB49C00313973 /* Preview Assets.xcassets */ = {isa = PBXFileReference; lastKnownFileType = folder.assetcatalog; path = "Preview Assets.xcassets"; sourceTree = "<group>"; };
		821232852C7CB71F00313973 /* ProductModel.swift */ = {isa = PBXFileReference; lastKnownFileType = sourcecode.swift; path = ProductModel.swift; sourceTree = "<group>"; };
		821232872C7CB74D00313973 /* ProductService.swift */ = {isa = PBXFileReference; lastKnownFileType = sourcecode.swift; path = ProductService.swift; sourceTree = "<group>"; };
		821232892C7CB77300313973 /* ContentView.swift */ = {isa = PBXFileReference; lastKnownFileType = sourcecode.swift; path = ContentView.swift; sourceTree = "<group>"; };
		8212328B2C7CB7A400313973 /* ProductDetailView.swift */ = {isa = PBXFileReference; lastKnownFileType = sourcecode.swift; path = ProductDetailView.swift; sourceTree = "<group>"; };
		8212328D2C7CEDEC00313973 /* TabView.swift */ = {isa = PBXFileReference; lastKnownFileType = sourcecode.swift; path = TabView.swift; sourceTree = "<group>"; };
		8212328F2C7D2DFD00313973 /* MyItemsView.swift */ = {isa = PBXFileReference; lastKnownFileType = sourcecode.swift; path = MyItemsView.swift; sourceTree = "<group>"; };
		821232912C7D2E1A00313973 /* CartView.swift */ = {isa = PBXFileReference; lastKnownFileType = sourcecode.swift; path = CartView.swift; sourceTree = "<group>"; };
		821232932C7D312900313973 /* FavoritesService.swift */ = {isa = PBXFileReference; lastKnownFileType = sourcecode.swift; path = FavoritesService.swift; sourceTree = "<group>"; };
		826386212C7D34B200A3ADC1 /* ProductRowView.swift */ = {isa = PBXFileReference; lastKnownFileType = sourcecode.swift; path = ProductRowView.swift; sourceTree = "<group>"; };
/* End PBXFileReference section */

/* Begin PBXFrameworksBuildPhase section */
		8212326D2C7CB49B00313973 /* Frameworks */ = {
			isa = PBXFrameworksBuildPhase;
			buildActionMask = 2147483647;
			files = (
			);
			runOnlyForDeploymentPostprocessing = 0;
		};
/* End PBXFrameworksBuildPhase section */

/* Begin PBXGroup section */
		821232672C7CB49B00313973 = {
			isa = PBXGroup;
			children = (
				821232722C7CB49B00313973 /* iMarket */,
				821232712C7CB49B00313973 /* Products */,
			);
			sourceTree = "<group>";
		};
		821232712C7CB49B00313973 /* Products */ = {
			isa = PBXGroup;
			children = (
				821232702C7CB49B00313973 /* iMarket.app */,
			);
			name = Products;
			sourceTree = "<group>";
		};
		821232722C7CB49B00313973 /* iMarket */ = {
			isa = PBXGroup;
			children = (
				821232842C7CB6CD00313973 /* Service */,
				821232832C7CB6C200313973 /* View */,
				821232812C7CB6AD00313973 /* Model */,
				821232732C7CB49B00313973 /* iMarketApp.swift */,
				821232772C7CB49C00313973 /* Assets.xcassets */,
				821232792C7CB49C00313973 /* Preview Content */,
			);
			path = iMarket;
			sourceTree = "<group>";
		};
		821232792C7CB49C00313973 /* Preview Content */ = {
			isa = PBXGroup;
			children = (
				8212327A2C7CB49C00313973 /* Preview Assets.xcassets */,
			);
			path = "Preview Content";
			sourceTree = "<group>";
		};
		821232812C7CB6AD00313973 /* Model */ = {
			isa = PBXGroup;
			children = (
				821232852C7CB71F00313973 /* ProductModel.swift */,
			);
			path = Model;
			sourceTree = "<group>";
		};
		821232832C7CB6C200313973 /* View */ = {
			isa = PBXGroup;
			children = (
				8212328D2C7CEDEC00313973 /* TabView.swift */,
				821232892C7CB77300313973 /* ContentView.swift */,
				826386212C7D34B200A3ADC1 /* ProductRowView.swift */,
				8212328B2C7CB7A400313973 /* ProductDetailView.swift */,
				8212328F2C7D2DFD00313973 /* MyItemsView.swift */,
				821232912C7D2E1A00313973 /* CartView.swift */,
			);
			path = View;
			sourceTree = "<group>";
		};
		821232842C7CB6CD00313973 /* Service */ = {
			isa = PBXGroup;
			children = (
				821232872C7CB74D00313973 /* ProductService.swift */,
				821232932C7D312900313973 /* FavoritesService.swift */,
			);
			path = Service;
			sourceTree = "<group>";
		};
/* End PBXGroup section */

/* Begin PBXNativeTarget section */
		8212326F2C7CB49B00313973 /* iMarket */ = {
			isa = PBXNativeTarget;
			buildConfigurationList = 8212327E2C7CB49C00313973 /* Build configuration list for PBXNativeTarget "iMarket" */;
			buildPhases = (
				8212326C2C7CB49B00313973 /* Sources */,
				8212326D2C7CB49B00313973 /* Frameworks */,
				8212326E2C7CB49B00313973 /* Resources */,
			);
			buildRules = (
			);
			dependencies = (
			);
			name = iMarket;
			productName = iMarket;
			productReference = 821232702C7CB49B00313973 /* iMarket.app */;
			productType = "com.apple.product-type.application";
		};
/* End PBXNativeTarget section */

/* Begin PBXProject section */
		821232682C7CB49B00313973 /* Project object */ = {
			isa = PBXProject;
			attributes = {
				BuildIndependentTargetsInParallel = 1;
				LastSwiftUpdateCheck = 1500;
				LastUpgradeCheck = 1500;
				TargetAttributes = {
					8212326F2C7CB49B00313973 = {
						CreatedOnToolsVersion = 15.0;
					};
				};
			};
			buildConfigurationList = 8212326B2C7CB49B00313973 /* Build configuration list for PBXProject "iMarket" */;
			compatibilityVersion = "Xcode 14.0";
			developmentRegion = en;
			hasScannedForEncodings = 0;
			knownRegions = (
				en,
				Base,
			);
			mainGroup = 821232672C7CB49B00313973;
			productRefGroup = 821232712C7CB49B00313973 /* Products */;
			projectDirPath = "";
			projectRoot = "";
			targets = (
				8212326F2C7CB49B00313973 /* iMarket */,
			);
		};
/* End PBXProject section */

/* Begin PBXResourcesBuildPhase section */
		8212326E2C7CB49B00313973 /* Resources */ = {
			isa = PBXResourcesBuildPhase;
			buildActionMask = 2147483647;
			files = (
				8212327B2C7CB49C00313973 /* Preview Assets.xcassets in Resources */,
				821232782C7CB49C00313973 /* Assets.xcassets in Resources */,
			);
			runOnlyForDeploymentPostprocessing = 0;
		};
/* End PBXResourcesBuildPhase section */

/* Begin PBXSourcesBuildPhase section */
		8212326C2C7CB49B00313973 /* Sources */ = {
			isa = PBXSourcesBuildPhase;
			buildActionMask = 2147483647;
			files = (
				821232942C7D312900313973 /* FavoritesService.swift in Sources */,
				8212328A2C7CB77300313973 /* ContentView.swift in Sources */,
				821232882C7CB74D00313973 /* ProductService.swift in Sources */,
				821232862C7CB71F00313973 /* ProductModel.swift in Sources */,
				821232742C7CB49B00313973 /* iMarketApp.swift in Sources */,
				826386222C7D34B200A3ADC1 /* ProductRowView.swift in Sources */,
				8212328E2C7CEDEC00313973 /* TabView.swift in Sources */,
				821232902C7D2DFD00313973 /* MyItemsView.swift in Sources */,
				821232922C7D2E1A00313973 /* CartView.swift in Sources */,
				8212328C2C7CB7A400313973 /* ProductDetailView.swift in Sources */,
			);
			runOnlyForDeploymentPostprocessing = 0;
		};
/* End PBXSourcesBuildPhase section */

/* Begin XCBuildConfiguration section */
		8212327C2C7CB49C00313973 /* Debug */ = {
			isa = XCBuildConfiguration;
			buildSettings = {
				ALWAYS_SEARCH_USER_PATHS = NO;
				ASSETCATALOG_COMPILER_GENERATE_SWIFT_ASSET_SYMBOL_EXTENSIONS = YES;
				CLANG_ANALYZER_NONNULL = YES;
				CLANG_ANALYZER_NUMBER_OBJECT_CONVERSION = YES_AGGRESSIVE;
				CLANG_CXX_LANGUAGE_STANDARD = "gnu++20";
				CLANG_ENABLE_MODULES = YES;
				CLANG_ENABLE_OBJC_ARC = YES;
				CLANG_ENABLE_OBJC_WEAK = YES;
				CLANG_WARN_BLOCK_CAPTURE_AUTORELEASING = YES;
				CLANG_WARN_BOOL_CONVERSION = YES;
				CLANG_WARN_COMMA = YES;
				CLANG_WARN_CONSTANT_CONVERSION = YES;
				CLANG_WARN_DEPRECATED_OBJC_IMPLEMENTATIONS = YES;
				CLANG_WARN_DIRECT_OBJC_ISA_USAGE = YES_ERROR;
				CLANG_WARN_DOCUMENTATION_COMMENTS = YES;
				CLANG_WARN_EMPTY_BODY = YES;
				CLANG_WARN_ENUM_CONVERSION = YES;
				CLANG_WARN_INFINITE_RECURSION = YES;
				CLANG_WARN_INT_CONVERSION = YES;
				CLANG_WARN_NON_LITERAL_NULL_CONVERSION = YES;
				CLANG_WARN_OBJC_IMPLICIT_RETAIN_SELF = YES;
				CLANG_WARN_OBJC_LITERAL_CONVERSION = YES;
				CLANG_WARN_OBJC_ROOT_CLASS = YES_ERROR;
				CLANG_WARN_QUOTED_INCLUDE_IN_FRAMEWORK_HEADER = YES;
				CLANG_WARN_RANGE_LOOP_ANALYSIS = YES;
				CLANG_WARN_STRICT_PROTOTYPES = YES;
				CLANG_WARN_SUSPICIOUS_MOVE = YES;
				CLANG_WARN_UNGUARDED_AVAILABILITY = YES_AGGRESSIVE;
				CLANG_WARN_UNREACHABLE_CODE = YES;
				CLANG_WARN__DUPLICATE_METHOD_MATCH = YES;
				COPY_PHASE_STRIP = NO;
				DEBUG_INFORMATION_FORMAT = dwarf;
				ENABLE_STRICT_OBJC_MSGSEND = YES;
				ENABLE_TESTABILITY = YES;
				ENABLE_USER_SCRIPT_SANDBOXING = YES;
				GCC_C_LANGUAGE_STANDARD = gnu17;
				GCC_DYNAMIC_NO_PIC = NO;
				GCC_NO_COMMON_BLOCKS = YES;
				GCC_OPTIMIZATION_LEVEL = 0;
				GCC_PREPROCESSOR_DEFINITIONS = (
					"DEBUG=1",
					"$(inherited)",
				);
				GCC_WARN_64_TO_32_BIT_CONVERSION = YES;
				GCC_WARN_ABOUT_RETURN_TYPE = YES_ERROR;
				GCC_WARN_UNDECLARED_SELECTOR = YES;
				GCC_WARN_UNINITIALIZED_AUTOS = YES_AGGRESSIVE;
				GCC_WARN_UNUSED_FUNCTION = YES;
				GCC_WARN_UNUSED_VARIABLE = YES;
				IPHONEOS_DEPLOYMENT_TARGET = 17.0;
				LOCALIZATION_PREFERS_STRING_CATALOGS = YES;
				MTL_ENABLE_DEBUG_INFO = INCLUDE_SOURCE;
				MTL_FAST_MATH = YES;
				ONLY_ACTIVE_ARCH = YES;
				SDKROOT = iphoneos;
				SWIFT_ACTIVE_COMPILATION_CONDITIONS = "DEBUG $(inherited)";
				SWIFT_OPTIMIZATION_LEVEL = "-Onone";
			};
			name = Debug;
		};
		8212327D2C7CB49C00313973 /* Release */ = {
			isa = XCBuildConfiguration;
			buildSettings = {
				ALWAYS_SEARCH_USER_PATHS = NO;
				ASSETCATALOG_COMPILER_GENERATE_SWIFT_ASSET_SYMBOL_EXTENSIONS = YES;
				CLANG_ANALYZER_NONNULL = YES;
				CLANG_ANALYZER_NUMBER_OBJECT_CONVERSION = YES_AGGRESSIVE;
				CLANG_CXX_LANGUAGE_STANDARD = "gnu++20";
				CLANG_ENABLE_MODULES = YES;
				CLANG_ENABLE_OBJC_ARC = YES;
				CLANG_ENABLE_OBJC_WEAK = YES;
				CLANG_WARN_BLOCK_CAPTURE_AUTORELEASING = YES;
				CLANG_WARN_BOOL_CONVERSION = YES;
				CLANG_WARN_COMMA = YES;
				CLANG_WARN_CONSTANT_CONVERSION = YES;
				CLANG_WARN_DEPRECATED_OBJC_IMPLEMENTATIONS = YES;
				CLANG_WARN_DIRECT_OBJC_ISA_USAGE = YES_ERROR;
				CLANG_WARN_DOCUMENTATION_COMMENTS = YES;
				CLANG_WARN_EMPTY_BODY = YES;
				CLANG_WARN_ENUM_CONVERSION = YES;
				CLANG_WARN_INFINITE_RECURSION = YES;
				CLANG_WARN_INT_CONVERSION = YES;
				CLANG_WARN_NON_LITERAL_NULL_CONVERSION = YES;
				CLANG_WARN_OBJC_IMPLICIT_RETAIN_SELF = YES;
				CLANG_WARN_OBJC_LITERAL_CONVERSION = YES;
				CLANG_WARN_OBJC_ROOT_CLASS = YES_ERROR;
				CLANG_WARN_QUOTED_INCLUDE_IN_FRAMEWORK_HEADER = YES;
				CLANG_WARN_RANGE_LOOP_ANALYSIS = YES;
				CLANG_WARN_STRICT_PROTOTYPES = YES;
				CLANG_WARN_SUSPICIOUS_MOVE = YES;
				CLANG_WARN_UNGUARDED_AVAILABILITY = YES_AGGRESSIVE;
				CLANG_WARN_UNREACHABLE_CODE = YES;
				CLANG_WARN__DUPLICATE_METHOD_MATCH = YES;
				COPY_PHASE_STRIP = NO;
				DEBUG_INFORMATION_FORMAT = "dwarf-with-dsym";
				ENABLE_NS_ASSERTIONS = NO;
				ENABLE_STRICT_OBJC_MSGSEND = YES;
				ENABLE_USER_SCRIPT_SANDBOXING = YES;
				GCC_C_LANGUAGE_STANDARD = gnu17;
				GCC_NO_COMMON_BLOCKS = YES;
				GCC_WARN_64_TO_32_BIT_CONVERSION = YES;
				GCC_WARN_ABOUT_RETURN_TYPE = YES_ERROR;
				GCC_WARN_UNDECLARED_SELECTOR = YES;
				GCC_WARN_UNINITIALIZED_AUTOS = YES_AGGRESSIVE;
				GCC_WARN_UNUSED_FUNCTION = YES;
				GCC_WARN_UNUSED_VARIABLE = YES;
				IPHONEOS_DEPLOYMENT_TARGET = 17.0;
				LOCALIZATION_PREFERS_STRING_CATALOGS = YES;
				MTL_ENABLE_DEBUG_INFO = NO;
				MTL_FAST_MATH = YES;
				SDKROOT = iphoneos;
				SWIFT_COMPILATION_MODE = wholemodule;
				VALIDATE_PRODUCT = YES;
			};
			name = Release;
		};
		8212327F2C7CB49C00313973 /* Debug */ = {
			isa = XCBuildConfiguration;
			buildSettings = {
				ASSETCATALOG_COMPILER_APPICON_NAME = AppIcon;
				ASSETCATALOG_COMPILER_GLOBAL_ACCENT_COLOR_NAME = AccentColor;
				CODE_SIGN_STYLE = Automatic;
				CURRENT_PROJECT_VERSION = 1;
				DEVELOPMENT_ASSET_PATHS = "\"iMarket/Preview Content\"";
				ENABLE_PREVIEWS = YES;
				GENERATE_INFOPLIST_FILE = YES;
				INFOPLIST_KEY_UIApplicationSceneManifest_Generation = YES;
				INFOPLIST_KEY_UIApplicationSupportsIndirectInputEvents = YES;
				INFOPLIST_KEY_UILaunchScreen_Generation = YES;
				INFOPLIST_KEY_UISupportedInterfaceOrientations_iPad = "UIInterfaceOrientationPortrait UIInterfaceOrientationPortraitUpsideDown UIInterfaceOrientationLandscapeLeft UIInterfaceOrientationLandscapeRight";
				INFOPLIST_KEY_UISupportedInterfaceOrientations_iPhone = "UIInterfaceOrientationPortrait UIInterfaceOrientationLandscapeLeft UIInterfaceOrientationLandscapeRight";
				LD_RUNPATH_SEARCH_PATHS = (
					"$(inherited)",
					"@executable_path/Frameworks",
				);
				MARKETING_VERSION = 1.0;
				PRODUCT_BUNDLE_IDENTIFIER = "Swift-UI.iMarket";
				PRODUCT_NAME = "$(TARGET_NAME)";
				SWIFT_EMIT_LOC_STRINGS = YES;
				SWIFT_VERSION = 5.0;
				TARGETED_DEVICE_FAMILY = "1,2";
			};
			name = Debug;
		};
		821232802C7CB49C00313973 /* Release */ = {
			isa = XCBuildConfiguration;
			buildSettings = {
				ASSETCATALOG_COMPILER_APPICON_NAME = AppIcon;
				ASSETCATALOG_COMPILER_GLOBAL_ACCENT_COLOR_NAME = AccentColor;
				CODE_SIGN_STYLE = Automatic;
				CURRENT_PROJECT_VERSION = 1;
				DEVELOPMENT_ASSET_PATHS = "\"iMarket/Preview Content\"";
				ENABLE_PREVIEWS = YES;
				GENERATE_INFOPLIST_FILE = YES;
				INFOPLIST_KEY_UIApplicationSceneManifest_Generation = YES;
				INFOPLIST_KEY_UIApplicationSupportsIndirectInputEvents = YES;
				INFOPLIST_KEY_UILaunchScreen_Generation = YES;
				INFOPLIST_KEY_UISupportedInterfaceOrientations_iPad = "UIInterfaceOrientationPortrait UIInterfaceOrientationPortraitUpsideDown UIInterfaceOrientationLandscapeLeft UIInterfaceOrientationLandscapeRight";
				INFOPLIST_KEY_UISupportedInterfaceOrientations_iPhone = "UIInterfaceOrientationPortrait UIInterfaceOrientationLandscapeLeft UIInterfaceOrientationLandscapeRight";
				LD_RUNPATH_SEARCH_PATHS = (
					"$(inherited)",
					"@executable_path/Frameworks",
				);
				MARKETING_VERSION = 1.0;
				PRODUCT_BUNDLE_IDENTIFIER = "Swift-UI.iMarket";
				PRODUCT_NAME = "$(TARGET_NAME)";
				SWIFT_EMIT_LOC_STRINGS = YES;
				SWIFT_VERSION = 5.0;
				TARGETED_DEVICE_FAMILY = "1,2";
			};
			name = Release;
		};
/* End XCBuildConfiguration section */

/* Begin XCConfigurationList section */
		8212326B2C7CB49B00313973 /* Build configuration list for PBXProject "iMarket" */ = {
			isa = XCConfigurationList;
			buildConfigurations = (
				8212327C2C7CB49C00313973 /* Debug */,
				8212327D2C7CB49C00313973 /* Release */,
			);
			defaultConfigurationIsVisible = 0;
			defaultConfigurationName = Release;
		};
		8212327E2C7CB49C00313973 /* Build configuration list for PBXNativeTarget "iMarket" */ = {
			isa = XCConfigurationList;
			buildConfigurations = (
				8212327F2C7CB49C00313973 /* Debug */,
				821232802C7CB49C00313973 /* Release */,
			);
			defaultConfigurationIsVisible = 0;
			defaultConfigurationName = Release;
		};
/* End XCConfigurationList section */
	};
	rootObject = 821232682C7CB49B00313973 /* Project object */;
}
